# This file is automatically @generated by Cargo.
# It is not intended for manual editing.
version = 4

[[package]]
name = "calculator-huggoxbyte"
version = "0.1.0"
source = "registry+https://github.com/rust-lang/crates.io-index"
checksum = "6e275b63925155bf1a833a9d07668035cd22f03883dc5ee37a39b159345f76f9"

[[package]]
name = "interactive_calculator"
version = "0.1.0"
dependencies = [
 "calculator-huggoxbyte",
]
